{
  "version": 1,
  "dependencies": {
    ".NETnanoFramework,Version=v1.0": {
      "nanoFramework.CoreLibrary": {
        "type": "Direct",
        "requested": "[1.15.5, 1.15.5]",
        "resolved": "1.15.5",
        "contentHash": "u2+GvAp1uxLrGdILACAZy+EVKOs28EQ52j8Lz7599egXZ3GBGejjnR2ofhjMQwzrJLlgtyrsx8nSLngDfJNsAg=="
      },
      "nanoFramework.System.Math": {
        "type": "Direct",
        "requested": "[1.5.43, 1.5.43]",
        "resolved": "1.5.43",
        "contentHash": "JEOEGHoIpknJFwPjjz77sT5mej2PiT7JTv59jabzFf+d8XYy8Z4SH+NdX00Xc/yDS8LIPuWb7+C245XGUUx99A=="
      },
      "Nerdbank.GitVersioning": {
        "type": "Direct",
        "requested": "[3.7.112, 3.7.112]",
        "resolved": "3.7.112",
        "contentHash": "j0jcfnTjvhytRanVR34Gaj6RFKk8EDmVhRW7929nWjCo8tzBxsa3XmFmbSGDA6nWXGhfehTixWhPgGWAbz+NQA=="
      },
      "StyleCop.MSBuild": {
        "type": "Direct",
        "requested": "[6.2.0, 6.2.0]",
        "resolved": "6.2.0",
        "contentHash": "6J51Kt5X+Os+Ckp20SFP1SlLu3tZl+3qBhCMtJUJqGDgwSr4oHT+eg545hXCdp07tRB/8nZfXTOBDdA1XXvjUw=="
      },
      "UnitsNet.nanoFramework.Length": {
        "type": "Direct",
        "requested": "[5.64.0, 5.64.0]",
        "resolved": "5.64.0",
        "contentHash": "TOVyJ1BCtWE7lMyfqnqcZpWJg8ESRSXGMq/RadkEIPXz3mPCy+f1EmYBzf7WnjOEt8d3+Wq9pCXhqZ6Kgawe0Q=="
      },
      "UnitsNet.nanoFramework.Pressure": {
        "type": "Direct",
        "requested": "[5.64.0, 5.64.0]",
        "resolved": "5.64.0",
        "contentHash": "fIvFVR52dRUIb8qT27Ur2GeMnjZ4ZuLcQVl4U0pUEN9fnYkKfV8jbEcPHwx+QZkGe/SVSc+RLD3S8dBLdhzagA=="
      },
      "UnitsNet.nanoFramework.RelativeHumidity": {
        "type": "Direct",
        "requested": "[5.64.0, 5.64.0]",
        "resolved": "5.64.0",
        "contentHash": "BjMuD5C+63VNKMdOeeSRntqcCBda3hpZQoTH1G+1mWcUf5lhI1BiFe26C0tFmJaK+t9VIdT3GIZJWAqlM49c3g=="
      },
      "UnitsNet.nanoFramework.Temperature": {
        "type": "Direct",
        "requested": "[5.64.0, 5.64.0]",
        "resolved": "5.64.0",
        "contentHash": "kB/0FSsslSHQB6o22b8gn9YjR/QZZ+RcEY5iEc0eEnH9kg9nTh4Qd9SERs0nPwnanuONykFs0MQAiwx61ZlsYQ=="
      }
    }
  }
}