{
  "version": 1,
  "dependencies": {
    ".NETnanoFramework,Version=v1.0": {
      "nanoFramework.CoreLibrary": {
        "type": "Direct",
        "requested": "[1.15.5, 1.15.5]",
        "resolved": "1.15.5",
        "contentHash": "u2+GvAp1uxLrGdILACAZy+EVKOs28EQ52j8Lz7599egXZ3GBGejjnR2ofhjMQwzrJLlgtyrsx8nSLngDfJNsAg=="
      },
      "nanoFramework.System.Device.I2c": {
        "type": "Direct",
        "requested": "[1.1.16, 1.1.16]",
        "resolved": "1.1.16",
        "contentHash": "33YPnlZVjFwx0mOhdKTOggx+TvbjTD3WZ6rkSB33ytF9fHoqfvS1AYr4+ScUHW4z2yE7vxVWBol5mI7iEg4Aiw=="
      },
      "UnitsNet.nanoFramework.ElectricCurrent": {
        "type": "Direct",
        "requested": "[5.40.0, 5.40.0]",
        "resolved": "5.40.0",
        "contentHash": "TcvJmHGEV2SSE5SLx3ahwx8cs0gwWrjnDMbD1yh251MXKSbfigxdw3/DNvbrza4epogoDZVJj16TVPFGLD6N5A=="
      },
      "UnitsNet.nanoFramework.ElectricPotentialDc": {
        "type": "Direct",
        "requested": "[5.40.0, 5.40.0]",
        "resolved": "5.40.0",
        "contentHash": "EqxF9aNJP6LF7Lgt2tBltM7mZtPrd1lZRtul9TdNOyMLyPk8Ube2ehEgMih5XJFz5krrsVV85Z6Fr5J6kLc6CQ=="
      },
      "UnitsNet.nanoFramework.Temperature": {
        "type": "Direct",
        "requested": "[5.40.0, 5.40.0]",
        "resolved": "5.40.0",
        "contentHash": "cijj2oHX/byV60SrNQ8JpYIyGUCJL8+LpszE1/FKEAvwQRmyanbI1+FQfkm/IAwkKhDb3Vs1hMbdA2TObyAm3g=="
      }
    }
  }
}