{
  "version": 1,
  "dependencies": {
    ".NETnanoFramework,Version=v1.0": {
      "nanoFramework.CoreLibrary": {
        "type": "Direct",
        "requested": "[1.15.5, 1.15.5]",
        "resolved": "1.15.5",
        "contentHash": "u2+GvAp1uxLrGdILACAZy+EVKOs28EQ52j8Lz7599egXZ3GBGejjnR2ofhjMQwzrJLlgtyrsx8nSLngDfJNsAg=="
      },
      "nanoFramework.Runtime.Events": {
        "type": "Direct",
        "requested": "[1.11.18, 1.11.18]",
        "resolved": "1.11.18",
        "contentHash": "t0XpUkdyBBBv/0S4oGx3yUJG1iPYWc38odvZW8mVoioSxZOJrRkRHpNfwYxTxtP4LIEyyesOPEH42d05FHfHzA=="
      },
      "nanoFramework.System.Buffers.Binary.BinaryPrimitives": {
        "type": "Direct",
        "requested": "[1.2.699, 1.2.699]",
        "resolved": "1.2.699",
        "contentHash": "OhR1PNfnToj+1Gun1BA8Uk4mhJW6HWZeW2EKPhHozVlzSLUOUOkjVko2Vje5qCmvA2EuAi8AxKJec/vad9TV0g=="
      },
      "nanoFramework.System.Buffers.Helpers": {
        "type": "Direct",
        "requested": "[1.0.1, 1.0.1]",
        "resolved": "1.0.1",
        "contentHash": "ftUSyVI8FL8aYaTlf8ktTya2oz4wzi178aezbOYpE/Rsu/D4kBRItxfjJhh5iT8O4/XtTLNzPxVly5oPR5oP5Q=="
      },
      "nanoFramework.System.IO.Streams": {
        "type": "Direct",
        "requested": "[1.1.75, 1.1.75]",
        "resolved": "1.1.75",
        "contentHash": "1wI+DeqR2osn9CRBw/DWaWB/5MBOIvaHHBLqjupW+Ew7e2neIWetOHc+J5yUGTZlxR38CgExpd1ddCXCDLtLWg=="
      },
      "nanoFramework.System.Net": {
        "type": "Direct",
        "requested": "[1.11.12, 1.11.12]",
        "resolved": "1.11.12",
        "contentHash": "ByDjj0b4Mx/kVq8QN/ta5lpgksUUqXo39EX64dXj10pOB58gsUhZ0EYq3Pi3Sx4lLe43e9kd+Zv/YpXI078rMA=="
      },
      "nanoFramework.System.Net.Sockets.UdpClient": {
        "type": "Direct",
        "requested": "[1.1.70, 1.1.70]",
        "resolved": "1.1.70",
        "contentHash": "Kc3/bug5/P4y/vw0mVgQ3DwP6jGR7kzdh+zFgqs+2QSLBJ50Tl3lO9pU0XyCV1eCV9xxGQ7obS7xRXfpT9EqUQ=="
      },
      "nanoFramework.System.Text": {
        "type": "Direct",
        "requested": "[1.2.54, 1.2.54]",
        "resolved": "1.2.54",
        "contentHash": "k3OutSNRMs9di42LQ+5GbpHBY07aMEZWGkaS3Mj3ZU4cWqJc4deFGzRd+LBFQl1mRGdQaM5sl/euTZdcg8R9Zg=="
      },
      "nanoFramework.System.Threading": {
        "type": "Direct",
        "requested": "[1.1.32, 1.1.32]",
        "resolved": "1.1.32",
        "contentHash": "6o7Y4gH15FLuo2FWGLecABiCD57V5QMf5g/hEneV64VmhoXI8Bk7r6BDBPTfAePs738xbc1ECpA5dJmbSmtilg=="
      },
      "Nerdbank.GitVersioning": {
        "type": "Direct",
        "requested": "[3.7.112, 3.7.112]",
        "resolved": "3.7.112",
        "contentHash": "j0jcfnTjvhytRanVR34Gaj6RFKk8EDmVhRW7929nWjCo8tzBxsa3XmFmbSGDA6nWXGhfehTixWhPgGWAbz+NQA=="
      }
    }
  }
}